
Microsoft Visual Studio Solution File, Format Version 12.00
# Visual Studio Version 16
VisualStudioVersion = 16.0.31624.102
MinimumVisualStudioVersion = 10.0.40219.1
Project("{9A19103F-16F7-4668-BE54-9A1E7A4F7556}") = "TarotApi", "TarotApi\TarotApi.csproj", "{D5BEE383-5641-455D-ACEC-3E82E54DA664}"
EndProject
Project("{9A19103F-16F7-4668-BE54-9A1E7A4F7556}") = "TarotApi.Domain", "Domain\TarotApi.Domain.csproj", "{878F77A7-A431-48A4-813F-EEF2DE6C2E9A}"
EndProject
Project("{9A19103F-16F7-4668-BE54-9A1E7A4F7556}") = "TarotApi.Domain.Tests", "TarotApi.Domain.Tests\TarotApi.Domain.Tests.csproj", "{3ECA5FA4-9877-4210-96ED-9FE2E1E7ABDA}"
EndProject
Project("{9A19103F-16F7-4668-BE54-9A1E7A4F7556}") = "TarotApi.Infrastructure", "TarotApi.Infrastructure\TarotApi.Infrastructure.csproj", "{F7A79393-E1F8-428E-861B-853ACF697A9A}"
EndProject
Project("{FAE04EC0-301F-11D3-BF4B-00C04F79EFBC}") = "TarotApi.IntegrationTests", "TarotApi.IntegrationTests\TarotApi.IntegrationTests.csproj", "{AF1082ED-CC3F-40BB-8B96-94A62D0B2883}"
EndProject
Global
	GlobalSection(SolutionConfigurationPlatforms) = preSolution
		Debug|Any CPU = Debug|Any CPU
		Release|Any CPU = Release|Any CPU
	EndGlobalSection
	GlobalSection(ProjectConfigurationPlatforms) = postSolution
		{D5BEE383-5641-455D-ACEC-3E82E54DA664}.Debug|Any CPU.ActiveCfg = Debug|Any CPU
		{D5BEE383-5641-455D-ACEC-3E82E54DA664}.Debug|Any CPU.Build.0 = Debug|Any CPU
		{D5BEE383-5641-455D-ACEC-3E82E54DA664}.Release|Any CPU.ActiveCfg = Release|Any CPU
		{D5BEE383-5641-455D-ACEC-3E82E54DA664}.Release|Any CPU.Build.0 = Release|Any CPU
		{878F77A7-A431-48A4-813F-EEF2DE6C2E9A}.Debug|Any CPU.ActiveCfg = Debug|Any CPU
		{878F77A7-A431-48A4-813F-EEF2DE6C2E9A}.Debug|Any CPU.Build.0 = Debug|Any CPU
		{878F77A7-A431-48A4-813F-EEF2DE6C2E9A}.Release|Any CPU.ActiveCfg = Release|Any CPU
		{878F77A7-A431-48A4-813F-EEF2DE6C2E9A}.Release|Any CPU.Build.0 = Release|Any CPU
		{3ECA5FA4-9877-4210-96ED-9FE2E1E7ABDA}.Debug|Any CPU.ActiveCfg = Debug|Any CPU
		{3ECA5FA4-9877-4210-96ED-9FE2E1E7ABDA}.Debug|Any CPU.Build.0 = Debug|Any CPU
		{3ECA5FA4-9877-4210-96ED-9FE2E1E7ABDA}.Release|Any CPU.ActiveCfg = Release|Any CPU
		{3ECA5FA4-9877-4210-96ED-9FE2E1E7ABDA}.Release|Any CPU.Build.0 = Release|Any CPU
		{F7A79393-E1F8-428E-861B-853ACF697A9A}.Debug|Any CPU.ActiveCfg = Debug|Any CPU
		{F7A79393-E1F8-428E-861B-853ACF697A9A}.Debug|Any CPU.Build.0 = Debug|Any CPU
		{F7A79393-E1F8-428E-861B-853ACF697A9A}.Release|Any CPU.ActiveCfg = Release|Any CPU
		{F7A79393-E1F8-428E-861B-853ACF697A9A}.Release|Any CPU.Build.0 = Release|Any CPU
		{AF1082ED-CC3F-40BB-8B96-94A62D0B2883}.Debug|Any CPU.ActiveCfg = Debug|Any CPU
		{AF1082ED-CC3F-40BB-8B96-94A62D0B2883}.Debug|Any CPU.Build.0 = Debug|Any CPU
		{AF1082ED-CC3F-40BB-8B96-94A62D0B2883}.Release|Any CPU.ActiveCfg = Release|Any CPU
		{AF1082ED-CC3F-40BB-8B96-94A62D0B2883}.Release|Any CPU.Build.0 = Release|Any CPU
	EndGlobalSection
	GlobalSection(SolutionProperties) = preSolution
		HideSolutionNode = FALSE
	EndGlobalSection
	GlobalSection(ExtensibilityGlobals) = postSolution
		SolutionGuid = {B2DB635D-2BC6-4D29-88A5-FCBC86C5CCB8}
	EndGlobalSection
EndGlobal
